# THIS IS AN AUTOGENERATED FILE. DO NOT EDIT THIS FILE DIRECTLY.
# yarn lockfile v1
# bun ./bun.lockb --hash: 45B29AC28FAF34D0-402ecba287a6d27f-F6702D3318978518-4c7bc28d1ebc9e3b


bun-types@^1.0.7:
  version "1.0.15"
  resolved "https://registry.npmjs.org/bun-types/-/bun-types-1.0.15.tgz"
  integrity sha512-XkEvWLV1JIhcVIpf2Lu6FXnZUxRUkQVJmgY+VT7os6Tk5X1nkXx11q4Rtu6txsqpDJZfUeZXblnnD59K+6wsVA==

guardbox@0.0.4:
  version "0.0.4"
  resolved "https://registry.npmjs.org/guardbox/-/guardbox-0.0.4.tgz"
  integrity sha512-+aVxp0peg5SftyblaTbiHZ/CYrJs0EXoKb0fWKI0VbdG9TRR6LxDAQjDOUEItW8AWZhoe0cqapFYjyQw5Bi01Q==

hono@^3.11.2:
  version "3.11.2"
  resolved "https://registry.npmjs.org/hono/-/hono-3.11.2.tgz"
  integrity sha512-UysqMvSVFBPoUvN8veT7w+lgVjbRYafZNsVQqrs1Ssrx8oByPBq9jwWaCLnjkGbfTydfDxILnPEf5/kbu8Wl/A==

typescript@^5.0.0:
  version "5.3.3"
  resolved "https://registry.npmjs.org/typescript/-/typescript-5.3.3.tgz"
  integrity sha512-pXWcraxM0uxAS+tN0AG/BF2TyqmHO014Z070UsJ+pFvYuRSq8KH8DmWpnbXe0pEPDHXZV3FcAbJkijJ5oNEnWw==
